
Microsoft Visual Studio Solution File, Format Version 12.00
# Visual Studio Version 17
VisualStudioVersion = 17.9.34622.214
MinimumVisualStudioVersion = 10.0.40219.1
Project("{9A19103F-16F7-4668-BE54-9A1E7A4F7556}") = "WebBlog", "WebBlog\WebBlog.csproj", "{F811ECCC-393C-4980-9F83-579074FE1613}"
EndProject
Project("{9A19103F-16F7-4668-BE54-9A1E7A4F7556}") = "ModelEFCore", "ModelEFCore\ModelEFCore.csproj", "{5D842948-37F6-40D1-A5A2-A02B4BF64418}"
EndProject
Project("{FAE04EC0-301F-11D3-BF4B-00C04F79EFBC}") = "BlogHelper", "BlogHelper\BlogHelper.csproj", "{13ACC3AA-7776-4FE6-8124-095D3FB90E3D}"
EndProject
Global
	GlobalSection(SolutionConfigurationPlatforms) = preSolution
		Debug|Any CPU = Debug|Any CPU
		Release|Any CPU = Release|Any CPU
	EndGlobalSection
	GlobalSection(ProjectConfigurationPlatforms) = postSolution
		{F811ECCC-393C-4980-9F83-579074FE1613}.Debug|Any CPU.ActiveCfg = Debug|Any CPU
		{F811ECCC-393C-4980-9F83-579074FE1613}.Debug|Any CPU.Build.0 = Debug|Any CPU
		{F811ECCC-393C-4980-9F83-579074FE1613}.Release|Any CPU.ActiveCfg = Release|Any CPU
		{F811ECCC-393C-4980-9F83-579074FE1613}.Release|Any CPU.Build.0 = Release|Any CPU
		{5D842948-37F6-40D1-A5A2-A02B4BF64418}.Debug|Any CPU.ActiveCfg = Debug|Any CPU
		{5D842948-37F6-40D1-A5A2-A02B4BF64418}.Debug|Any CPU.Build.0 = Debug|Any CPU
		{5D842948-37F6-40D1-A5A2-A02B4BF64418}.Release|Any CPU.ActiveCfg = Release|Any CPU
		{5D842948-37F6-40D1-A5A2-A02B4BF64418}.Release|Any CPU.Build.0 = Release|Any CPU
		{13ACC3AA-7776-4FE6-8124-095D3FB90E3D}.Debug|Any CPU.ActiveCfg = Debug|Any CPU
		{13ACC3AA-7776-4FE6-8124-095D3FB90E3D}.Debug|Any CPU.Build.0 = Debug|Any CPU
		{13ACC3AA-7776-4FE6-8124-095D3FB90E3D}.Release|Any CPU.ActiveCfg = Release|Any CPU
		{13ACC3AA-7776-4FE6-8124-095D3FB90E3D}.Release|Any CPU.Build.0 = Release|Any CPU
	EndGlobalSection
	GlobalSection(SolutionProperties) = preSolution
		HideSolutionNode = FALSE
	EndGlobalSection
	GlobalSection(ExtensibilityGlobals) = postSolution
		SolutionGuid = {8C800C61-016C-451A-AAA7-B6EBDDCE0D3E}
	EndGlobalSection
EndGlobal
